// !$*UTF8*$!
{
	archiveVersion = 1;
	classes = {
	};
	objectVersion = 56;
	objects = {

/* Begin PBXBuildFile section */
		F33D1E2D2C64F74D000F8CE0 /* CustomCircleView.swift in Sources */ = {isa = PBXBuildFile; fileRef = F33D1E2C2C64F74D000F8CE0 /* CustomCircleView.swift */; };
		F33D1E2F2C64F967000F8CE0 /* MotionAnimationView.swift in Sources */ = {isa = PBXBuildFile; fileRef = F33D1E2E2C64F967000F8CE0 /* MotionAnimationView.swift */; };
		F3584D5D2C64E78A00905E7B /* CustomButtonStyle.swift in Sources */ = {isa = PBXBuildFile; fileRef = F3584D5C2C64E78A00905E7B /* CustomButtonStyle.swift */; };
		F36F620C2C64DCD700AB68EB /* CustomButtonView.swift in Sources */ = {isa = PBXBuildFile; fileRef = F36F620B2C64DCD700AB68EB /* CustomButtonView.swift */; };
		F38CC9BD2C64B06B0074190F /* Hike_App.swift in Sources */ = {isa = PBXBuildFile; fileRef = F38CC9BC2C64B06B0074190F /* Hike_App.swift */; };
		F38CC9BF2C64B06B0074190F /* ContentView.swift in Sources */ = {isa = PBXBuildFile; fileRef = F38CC9BE2C64B06B0074190F /* ContentView.swift */; };
		F38CC9C12C64B06D0074190F /* Assets.xcassets in Resources */ = {isa = PBXBuildFile; fileRef = F38CC9C02C64B06D0074190F /* Assets.xcassets */; };
		F38CC9C42C64B06D0074190F /* Preview Assets.xcassets in Resources */ = {isa = PBXBuildFile; fileRef = F38CC9C32C64B06D0074190F /* Preview Assets.xcassets */; };
		F38CC9CB2C64B3060074190F /* CardView.swift in Sources */ = {isa = PBXBuildFile; fileRef = F38CC9CA2C64B3060074190F /* CardView.swift */; };
		F38CC9CE2C64B5870074190F /* CustomBackgroundView.swift in Sources */ = {isa = PBXBuildFile; fileRef = F38CC9CD2C64B5870074190F /* CustomBackgroundView.swift */; };
		F3B5CA9B2C6607F7004ABAD0 /* SettingsView.swift in Sources */ = {isa = PBXBuildFile; fileRef = F3B5CA9A2C6607F7004ABAD0 /* SettingsView.swift */; };
		F3BF8F192C664398005A09EF /* CustomListRowView.swift in Sources */ = {isa = PBXBuildFile; fileRef = F3BF8F182C664398005A09EF /* CustomListRowView.swift */; };
/* End PBXBuildFile section */

/* Begin PBXFileReference section */
		F33D1E2C2C64F74D000F8CE0 /* CustomCircleView.swift */ = {isa = PBXFileReference; lastKnownFileType = sourcecode.swift; path = CustomCircleView.swift; sourceTree = "<group>"; };
		F33D1E2E2C64F967000F8CE0 /* MotionAnimationView.swift */ = {isa = PBXFileReference; lastKnownFileType = sourcecode.swift; path = MotionAnimationView.swift; sourceTree = "<group>"; };
		F3584D5C2C64E78A00905E7B /* CustomButtonStyle.swift */ = {isa = PBXFileReference; lastKnownFileType = sourcecode.swift; path = CustomButtonStyle.swift; sourceTree = "<group>"; };
		F36F620B2C64DCD700AB68EB /* CustomButtonView.swift */ = {isa = PBXFileReference; lastKnownFileType = sourcecode.swift; path = CustomButtonView.swift; sourceTree = "<group>"; };
		F38CC9B92C64B06B0074190F /* Hike-App.app */ = {isa = PBXFileReference; explicitFileType = wrapper.application; includeInIndex = 0; path = "Hike-App.app"; sourceTree = BUILT_PRODUCTS_DIR; };
		F38CC9BC2C64B06B0074190F /* Hike_App.swift */ = {isa = PBXFileReference; lastKnownFileType = sourcecode.swift; path = Hike_App.swift; sourceTree = "<group>"; };
		F38CC9BE2C64B06B0074190F /* ContentView.swift */ = {isa = PBXFileReference; lastKnownFileType = sourcecode.swift; path = ContentView.swift; sourceTree = "<group>"; };
		F38CC9C02C64B06D0074190F /* Assets.xcassets */ = {isa = PBXFileReference; lastKnownFileType = folder.assetcatalog; path = Assets.xcassets; sourceTree = "<group>"; };
		F38CC9C32C64B06D0074190F /* Preview Assets.xcassets */ = {isa = PBXFileReference; lastKnownFileType = folder.assetcatalog; path = "Preview Assets.xcassets"; sourceTree = "<group>"; };
		F38CC9CA2C64B3060074190F /* CardView.swift */ = {isa = PBXFileReference; lastKnownFileType = sourcecode.swift; path = CardView.swift; sourceTree = "<group>"; };
		F38CC9CD2C64B5870074190F /* CustomBackgroundView.swift */ = {isa = PBXFileReference; lastKnownFileType = sourcecode.swift; path = CustomBackgroundView.swift; sourceTree = "<group>"; };
		F3B5CA9A2C6607F7004ABAD0 /* SettingsView.swift */ = {isa = PBXFileReference; lastKnownFileType = sourcecode.swift; path = SettingsView.swift; sourceTree = "<group>"; };
		F3BF8F182C664398005A09EF /* CustomListRowView.swift */ = {isa = PBXFileReference; lastKnownFileType = sourcecode.swift; path = CustomListRowView.swift; sourceTree = "<group>"; };
/* End PBXFileReference section */

/* Begin PBXFrameworksBuildPhase section */
		F38CC9B62C64B06B0074190F /* Frameworks */ = {
			isa = PBXFrameworksBuildPhase;
			buildActionMask = 2147483647;
			files = (
			);
			runOnlyForDeploymentPostprocessing = 0;
		};
/* End PBXFrameworksBuildPhase section */

/* Begin PBXGroup section */
		F3584D5B2C64E77100905E7B /* Utility */ = {
			isa = PBXGroup;
			children = (
				F3584D5C2C64E78A00905E7B /* CustomButtonStyle.swift */,
			);
			path = Utility;
			sourceTree = "<group>";
		};
		F38CC9B02C64B06B0074190F = {
			isa = PBXGroup;
			children = (
				F38CC9BB2C64B06B0074190F /* Hike-App */,
				F38CC9BA2C64B06B0074190F /* Products */,
			);
			sourceTree = "<group>";
		};
		F38CC9BA2C64B06B0074190F /* Products */ = {
			isa = PBXGroup;
			children = (
				F38CC9B92C64B06B0074190F /* Hike-App.app */,
			);
			name = Products;
			sourceTree = "<group>";
		};
		F38CC9BB2C64B06B0074190F /* Hike-App */ = {
			isa = PBXGroup;
			children = (
				F3584D5B2C64E77100905E7B /* Utility */,
				F38CC9CC2C64B5150074190F /* Component */,
				F38CC9C22C64B06D0074190F /* Preview Content */,
				F3B5CA992C6607E8004ABAD0 /* Screen */,
				F38CC9BC2C64B06B0074190F /* Hike_App.swift */,
				F38CC9C02C64B06D0074190F /* Assets.xcassets */,
			);
			path = "Hike-App";
			sourceTree = "<group>";
		};
		F38CC9C22C64B06D0074190F /* Preview Content */ = {
			isa = PBXGroup;
			children = (
				F38CC9C32C64B06D0074190F /* Preview Assets.xcassets */,
			);
			path = "Preview Content";
			sourceTree = "<group>";
		};
		F38CC9CC2C64B5150074190F /* Component */ = {
			isa = PBXGroup;
			children = (
				F38CC9CA2C64B3060074190F /* CardView.swift */,
				F38CC9CD2C64B5870074190F /* CustomBackgroundView.swift */,
				F36F620B2C64DCD700AB68EB /* CustomButtonView.swift */,
				F33D1E2C2C64F74D000F8CE0 /* CustomCircleView.swift */,
				F33D1E2E2C64F967000F8CE0 /* MotionAnimationView.swift */,
				F3BF8F182C664398005A09EF /* CustomListRowView.swift */,
			);
			path = Component;
			sourceTree = "<group>";
		};
		F3B5CA992C6607E8004ABAD0 /* Screen */ = {
			isa = PBXGroup;
			children = (
				F38CC9BE2C64B06B0074190F /* ContentView.swift */,
				F3B5CA9A2C6607F7004ABAD0 /* SettingsView.swift */,
			);
			path = Screen;
			sourceTree = "<group>";
		};
/* End PBXGroup section */

/* Begin PBXNativeTarget section */
		F38CC9B82C64B06B0074190F /* Hike-App */ = {
			isa = PBXNativeTarget;
			buildConfigurationList = F38CC9C72C64B06D0074190F /* Build configuration list for PBXNativeTarget "Hike-App" */;
			buildPhases = (
				F38CC9B52C64B06B0074190F /* Sources */,
				F38CC9B62C64B06B0074190F /* Frameworks */,
				F38CC9B72C64B06B0074190F /* Resources */,
			);
			buildRules = (
			);
			dependencies = (
			);
			name = "Hike-App";
			productName = "Hike-App";
			productReference = F38CC9B92C64B06B0074190F /* Hike-App.app */;
			productType = "com.apple.product-type.application";
		};
/* End PBXNativeTarget section */

/* Begin PBXProject section */
		F38CC9B12C64B06B0074190F /* Project object */ = {
			isa = PBXProject;
			attributes = {
				BuildIndependentTargetsInParallel = 1;
				LastSwiftUpdateCheck = 1540;
				LastUpgradeCheck = 1540;
				TargetAttributes = {
					F38CC9B82C64B06B0074190F = {
						CreatedOnToolsVersion = 15.4;
					};
				};
			};
			buildConfigurationList = F38CC9B42C64B06B0074190F /* Build configuration list for PBXProject "Hike-App" */;
			compatibilityVersion = "Xcode 14.0";
			developmentRegion = en;
			hasScannedForEncodings = 0;
			knownRegions = (
				en,
				Base,
			);
			mainGroup = F38CC9B02C64B06B0074190F;
			productRefGroup = F38CC9BA2C64B06B0074190F /* Products */;
			projectDirPath = "";
			projectRoot = "";
			targets = (
				F38CC9B82C64B06B0074190F /* Hike-App */,
			);
		};
/* End PBXProject section */

/* Begin PBXResourcesBuildPhase section */
		F38CC9B72C64B06B0074190F /* Resources */ = {
			isa = PBXResourcesBuildPhase;
			buildActionMask = 2147483647;
			files = (
				F38CC9C42C64B06D0074190F /* Preview Assets.xcassets in Resources */,
				F38CC9C12C64B06D0074190F /* Assets.xcassets in Resources */,
			);
			runOnlyForDeploymentPostprocessing = 0;
		};
/* End PBXResourcesBuildPhase section */

/* Begin PBXSourcesBuildPhase section */
		F38CC9B52C64B06B0074190F /* Sources */ = {
			isa = PBXSourcesBuildPhase;
			buildActionMask = 2147483647;
			files = (
				F3584D5D2C64E78A00905E7B /* CustomButtonStyle.swift in Sources */,
				F36F620C2C64DCD700AB68EB /* CustomButtonView.swift in Sources */,
				F38CC9BF2C64B06B0074190F /* ContentView.swift in Sources */,
				F3B5CA9B2C6607F7004ABAD0 /* SettingsView.swift in Sources */,
				F38CC9CB2C64B3060074190F /* CardView.swift in Sources */,
				F3BF8F192C664398005A09EF /* CustomListRowView.swift in Sources */,
				F38CC9BD2C64B06B0074190F /* Hike_App.swift in Sources */,
				F33D1E2F2C64F967000F8CE0 /* MotionAnimationView.swift in Sources */,
				F33D1E2D2C64F74D000F8CE0 /* CustomCircleView.swift in Sources */,
				F38CC9CE2C64B5870074190F /* CustomBackgroundView.swift in Sources */,
			);
			runOnlyForDeploymentPostprocessing = 0;
		};
/* End PBXSourcesBuildPhase section */

/* Begin XCBuildConfiguration section */
		F38CC9C52C64B06D0074190F /* Debug */ = {
			isa = XCBuildConfiguration;
			buildSettings = {
				ALWAYS_SEARCH_USER_PATHS = NO;
				ASSETCATALOG_COMPILER_GENERATE_SWIFT_ASSET_SYMBOL_EXTENSIONS = YES;
				CLANG_ANALYZER_NONNULL = YES;
				CLANG_ANALYZER_NUMBER_OBJECT_CONVERSION = YES_AGGRESSIVE;
				CLANG_CXX_LANGUAGE_STANDARD = "gnu++20";
				CLANG_ENABLE_MODULES = YES;
				CLANG_ENABLE_OBJC_ARC = YES;
				CLANG_ENABLE_OBJC_WEAK = YES;
				CLANG_WARN_BLOCK_CAPTURE_AUTORELEASING = YES;
				CLANG_WARN_BOOL_CONVERSION = YES;
				CLANG_WARN_COMMA = YES;
				CLANG_WARN_CONSTANT_CONVERSION = YES;
				CLANG_WARN_DEPRECATED_OBJC_IMPLEMENTATIONS = YES;
				CLANG_WARN_DIRECT_OBJC_ISA_USAGE = YES_ERROR;
				CLANG_WARN_DOCUMENTATION_COMMENTS = YES;
				CLANG_WARN_EMPTY_BODY = YES;
				CLANG_WARN_ENUM_CONVERSION = YES;
				CLANG_WARN_INFINITE_RECURSION = YES;
				CLANG_WARN_INT_CONVERSION = YES;
				CLANG_WARN_NON_LITERAL_NULL_CONVERSION = YES;
				CLANG_WARN_OBJC_IMPLICIT_RETAIN_SELF = YES;
				CLANG_WARN_OBJC_LITERAL_CONVERSION = YES;
				CLANG_WARN_OBJC_ROOT_CLASS = YES_ERROR;
				CLANG_WARN_QUOTED_INCLUDE_IN_FRAMEWORK_HEADER = YES;
				CLANG_WARN_RANGE_LOOP_ANALYSIS = YES;
				CLANG_WARN_STRICT_PROTOTYPES = YES;
				CLANG_WARN_SUSPICIOUS_MOVE = YES;
				CLANG_WARN_UNGUARDED_AVAILABILITY = YES_AGGRESSIVE;
				CLANG_WARN_UNREACHABLE_CODE = YES;
				CLANG_WARN__DUPLICATE_METHOD_MATCH = YES;
				COPY_PHASE_STRIP = NO;
				DEBUG_INFORMATION_FORMAT = dwarf;
				ENABLE_STRICT_OBJC_MSGSEND = YES;
				ENABLE_TESTABILITY = YES;
				ENABLE_USER_SCRIPT_SANDBOXING = YES;
				GCC_C_LANGUAGE_STANDARD = gnu17;
				GCC_DYNAMIC_NO_PIC = NO;
				GCC_NO_COMMON_BLOCKS = YES;
				GCC_OPTIMIZATION_LEVEL = 0;
				GCC_PREPROCESSOR_DEFINITIONS = (
					"DEBUG=1",
					"$(inherited)",
				);
				GCC_WARN_64_TO_32_BIT_CONVERSION = YES;
				GCC_WARN_ABOUT_RETURN_TYPE = YES_ERROR;
				GCC_WARN_UNDECLARED_SELECTOR = YES;
				GCC_WARN_UNINITIALIZED_AUTOS = YES_AGGRESSIVE;
				GCC_WARN_UNUSED_FUNCTION = YES;
				GCC_WARN_UNUSED_VARIABLE = YES;
				IPHONEOS_DEPLOYMENT_TARGET = 16.4;
				LOCALIZATION_PREFERS_STRING_CATALOGS = YES;
				MTL_ENABLE_DEBUG_INFO = INCLUDE_SOURCE;
				MTL_FAST_MATH = YES;
				ONLY_ACTIVE_ARCH = YES;
				SDKROOT = iphoneos;
				SWIFT_ACTIVE_COMPILATION_CONDITIONS = "DEBUG $(inherited)";
				SWIFT_OPTIMIZATION_LEVEL = "-Onone";
			};
			name = Debug;
		};
		F38CC9C62C64B06D0074190F /* Release */ = {
			isa = XCBuildConfiguration;
			buildSettings = {
				ALWAYS_SEARCH_USER_PATHS = NO;
				ASSETCATALOG_COMPILER_GENERATE_SWIFT_ASSET_SYMBOL_EXTENSIONS = YES;
				CLANG_ANALYZER_NONNULL = YES;
				CLANG_ANALYZER_NUMBER_OBJECT_CONVERSION = YES_AGGRESSIVE;
				CLANG_CXX_LANGUAGE_STANDARD = "gnu++20";
				CLANG_ENABLE_MODULES = YES;
				CLANG_ENABLE_OBJC_ARC = YES;
				CLANG_ENABLE_OBJC_WEAK = YES;
				CLANG_WARN_BLOCK_CAPTURE_AUTORELEASING = YES;
				CLANG_WARN_BOOL_CONVERSION = YES;
				CLANG_WARN_COMMA = YES;
				CLANG_WARN_CONSTANT_CONVERSION = YES;
				CLANG_WARN_DEPRECATED_OBJC_IMPLEMENTATIONS = YES;
				CLANG_WARN_DIRECT_OBJC_ISA_USAGE = YES_ERROR;
				CLANG_WARN_DOCUMENTATION_COMMENTS = YES;
				CLANG_WARN_EMPTY_BODY = YES;
				CLANG_WARN_ENUM_CONVERSION = YES;
				CLANG_WARN_INFINITE_RECURSION = YES;
				CLANG_WARN_INT_CONVERSION = YES;
				CLANG_WARN_NON_LITERAL_NULL_CONVERSION = YES;
				CLANG_WARN_OBJC_IMPLICIT_RETAIN_SELF = YES;
				CLANG_WARN_OBJC_LITERAL_CONVERSION = YES;
				CLANG_WARN_OBJC_ROOT_CLASS = YES_ERROR;
				CLANG_WARN_QUOTED_INCLUDE_IN_FRAMEWORK_HEADER = YES;
				CLANG_WARN_RANGE_LOOP_ANALYSIS = YES;
				CLANG_WARN_STRICT_PROTOTYPES = YES;
				CLANG_WARN_SUSPICIOUS_MOVE = YES;
				CLANG_WARN_UNGUARDED_AVAILABILITY = YES_AGGRESSIVE;
				CLANG_WARN_UNREACHABLE_CODE = YES;
				CLANG_WARN__DUPLICATE_METHOD_MATCH = YES;
				COPY_PHASE_STRIP = NO;
				DEBUG_INFORMATION_FORMAT = "dwarf-with-dsym";
				ENABLE_NS_ASSERTIONS = NO;
				ENABLE_STRICT_OBJC_MSGSEND = YES;
				ENABLE_USER_SCRIPT_SANDBOXING = YES;
				GCC_C_LANGUAGE_STANDARD = gnu17;
				GCC_NO_COMMON_BLOCKS = YES;
				GCC_WARN_64_TO_32_BIT_CONVERSION = YES;
				GCC_WARN_ABOUT_RETURN_TYPE = YES_ERROR;
				GCC_WARN_UNDECLARED_SELECTOR = YES;
				GCC_WARN_UNINITIALIZED_AUTOS = YES_AGGRESSIVE;
				GCC_WARN_UNUSED_FUNCTION = YES;
				GCC_WARN_UNUSED_VARIABLE = YES;
				IPHONEOS_DEPLOYMENT_TARGET = 16.4;
				LOCALIZATION_PREFERS_STRING_CATALOGS = YES;
				MTL_ENABLE_DEBUG_INFO = NO;
				MTL_FAST_MATH = YES;
				SDKROOT = iphoneos;
				SWIFT_COMPILATION_MODE = wholemodule;
				VALIDATE_PRODUCT = YES;
			};
			name = Release;
		};
		F38CC9C82C64B06D0074190F /* Debug */ = {
			isa = XCBuildConfiguration;
			buildSettings = {
				ASSETCATALOG_COMPILER_ALTERNATE_APPICON_NAMES = "AppIcon-Backpack AppIcon-Campfire AppIcon-Camera AppIcon-Mushroom AppIcon-MagnifyingGlass AppIcon-Map";
				ASSETCATALOG_COMPILER_APPICON_NAME = AppIcon;
				ASSETCATALOG_COMPILER_GLOBAL_ACCENT_COLOR_NAME = AccentColor;
				ASSETCATALOG_COMPILER_INCLUDE_ALL_APPICON_ASSETS = YES;
				ASSETCATALOG_COMPILER_STANDALONE_ICON_BEHAVIOR = default;
				CODE_SIGN_STYLE = Automatic;
				CURRENT_PROJECT_VERSION = 1;
				DEVELOPMENT_ASSET_PATHS = "\"Hike-App/Preview Content\"";
				DEVELOPMENT_TEAM = MR8M57SP95;
				ENABLE_PREVIEWS = YES;
				GENERATE_INFOPLIST_FILE = YES;
				INFOPLIST_KEY_LSApplicationCategoryType = "public.app-category.travel";
				INFOPLIST_KEY_UIApplicationSceneManifest_Generation = YES;
				INFOPLIST_KEY_UIApplicationSupportsIndirectInputEvents = YES;
				INFOPLIST_KEY_UILaunchScreen_Generation = YES;
				INFOPLIST_KEY_UISupportedInterfaceOrientations = UIInterfaceOrientationPortrait;
				IPHONEOS_DEPLOYMENT_TARGET = 16.4;
				LD_RUNPATH_SEARCH_PATHS = (
					"$(inherited)",
					"@executable_path/Frameworks",
				);
				MARKETING_VERSION = 1.0;
				PRODUCT_BUNDLE_IDENTIFIER = "com.fatihemre.Hike-App";
				PRODUCT_NAME = "$(TARGET_NAME)";
				SWIFT_EMIT_LOC_STRINGS = YES;
				SWIFT_VERSION = 5.0;
				TARGETED_DEVICE_FAMILY = "1,2";
			};
			name = Debug;
		};
		F38CC9C92C64B06D0074190F /* Release */ = {
			isa = XCBuildConfiguration;
			buildSettings = {
				ASSETCATALOG_COMPILER_ALTERNATE_APPICON_NAMES = "AppIcon-Backpack AppIcon-Campfire AppIcon-Camera AppIcon-Mushroom AppIcon-MagnifyingGlass AppIcon-Map";
				ASSETCATALOG_COMPILER_APPICON_NAME = AppIcon;
				ASSETCATALOG_COMPILER_GLOBAL_ACCENT_COLOR_NAME = AccentColor;
				ASSETCATALOG_COMPILER_INCLUDE_ALL_APPICON_ASSETS = YES;
				ASSETCATALOG_COMPILER_STANDALONE_ICON_BEHAVIOR = default;
				CODE_SIGN_STYLE = Automatic;
				CURRENT_PROJECT_VERSION = 1;
				DEVELOPMENT_ASSET_PATHS = "\"Hike-App/Preview Content\"";
				DEVELOPMENT_TEAM = MR8M57SP95;
				ENABLE_PREVIEWS = YES;
				GENERATE_INFOPLIST_FILE = YES;
				INFOPLIST_KEY_LSApplicationCategoryType = "public.app-category.travel";
				INFOPLIST_KEY_UIApplicationSceneManifest_Generation = YES;
				INFOPLIST_KEY_UIApplicationSupportsIndirectInputEvents = YES;
				INFOPLIST_KEY_UILaunchScreen_Generation = YES;
				INFOPLIST_KEY_UISupportedInterfaceOrientations = UIInterfaceOrientationPortrait;
				IPHONEOS_DEPLOYMENT_TARGET = 16.4;
				LD_RUNPATH_SEARCH_PATHS = (
					"$(inherited)",
					"@executable_path/Frameworks",
				);
				MARKETING_VERSION = 1.0;
				PRODUCT_BUNDLE_IDENTIFIER = "com.fatihemre.Hike-App";
				PRODUCT_NAME = "$(TARGET_NAME)";
				SWIFT_EMIT_LOC_STRINGS = YES;
				SWIFT_VERSION = 5.0;
				TARGETED_DEVICE_FAMILY = "1,2";
			};
			name = Release;
		};
/* End XCBuildConfiguration section */

/* Begin XCConfigurationList section */
		F38CC9B42C64B06B0074190F /* Build configuration list for PBXProject "Hike-App" */ = {
			isa = XCConfigurationList;
			buildConfigurations = (
				F38CC9C52C64B06D0074190F /* Debug */,
				F38CC9C62C64B06D0074190F /* Release */,
			);
			defaultConfigurationIsVisible = 0;
			defaultConfigurationName = Release;
		};
		F38CC9C72C64B06D0074190F /* Build configuration list for PBXNativeTarget "Hike-App" */ = {
			isa = XCConfigurationList;
			buildConfigurations = (
				F38CC9C82C64B06D0074190F /* Debug */,
				F38CC9C92C64B06D0074190F /* Release */,
			);
			defaultConfigurationIsVisible = 0;
			defaultConfigurationName = Release;
		};
/* End XCConfigurationList section */
	};
	rootObject = F38CC9B12C64B06B0074190F /* Project object */;
}
